
Microsoft Visual Studio Solution File, Format Version 12.00
# Visual Studio 15
VisualStudioVersion = 15.0.27428.2027
MinimumVisualStudioVersion = 10.0.40219.1
Project("{FAE04EC0-301F-11D3-BF4B-00C04F79EFBC}") = "HelloWordApp", "HelloWordApp\HelloWordApp.csproj", "{532C2541-0A77-40D7-BF67-0609E53760ED}"
EndProject
Project("{FAE04EC0-301F-11D3-BF4B-00C04F79EFBC}") = "HelloWorldAPI", "HelloWorldAPI\HelloWorldAPI.csproj", "{81B52BC9-37CE-4693-92DB-BC4AAD226136}"
EndProject
Project("{FAE04EC0-301F-11D3-BF4B-00C04F79EFBC}") = "HelloWorldAPI.Tests", "HelloWorldAPI.Tests\HelloWorldAPI.Tests.csproj", "{BEB81AB2-A4BF-49C4-8A3D-48F7BDEA0877}"
EndProject
Global
	GlobalSection(SolutionConfigurationPlatforms) = preSolution
		Debug|Any CPU = Debug|Any CPU
		Release|Any CPU = Release|Any CPU
	EndGlobalSection
	GlobalSection(ProjectConfigurationPlatforms) = postSolution
		{532C2541-0A77-40D7-BF67-0609E53760ED}.Debug|Any CPU.ActiveCfg = Debug|Any CPU
		{532C2541-0A77-40D7-BF67-0609E53760ED}.Debug|Any CPU.Build.0 = Debug|Any CPU
		{532C2541-0A77-40D7-BF67-0609E53760ED}.Release|Any CPU.ActiveCfg = Release|Any CPU
		{532C2541-0A77-40D7-BF67-0609E53760ED}.Release|Any CPU.Build.0 = Release|Any CPU
		{81B52BC9-37CE-4693-92DB-BC4AAD226136}.Debug|Any CPU.ActiveCfg = Debug|Any CPU
		{81B52BC9-37CE-4693-92DB-BC4AAD226136}.Debug|Any CPU.Build.0 = Debug|Any CPU
		{81B52BC9-37CE-4693-92DB-BC4AAD226136}.Release|Any CPU.ActiveCfg = Release|Any CPU
		{81B52BC9-37CE-4693-92DB-BC4AAD226136}.Release|Any CPU.Build.0 = Release|Any CPU
		{BEB81AB2-A4BF-49C4-8A3D-48F7BDEA0877}.Debug|Any CPU.ActiveCfg = Debug|Any CPU
		{BEB81AB2-A4BF-49C4-8A3D-48F7BDEA0877}.Debug|Any CPU.Build.0 = Debug|Any CPU
		{BEB81AB2-A4BF-49C4-8A3D-48F7BDEA0877}.Release|Any CPU.ActiveCfg = Release|Any CPU
		{BEB81AB2-A4BF-49C4-8A3D-48F7BDEA0877}.Release|Any CPU.Build.0 = Release|Any CPU
	EndGlobalSection
	GlobalSection(SolutionProperties) = preSolution
		HideSolutionNode = FALSE
	EndGlobalSection
	GlobalSection(ExtensibilityGlobals) = postSolution
		SolutionGuid = {1E201342-5523-42EB-95CC-60207E5A7DFD}
	EndGlobalSection
EndGlobal
